
Microsoft Visual Studio Solution File, Format Version 12.00
# Visual Studio Version 17
VisualStudioVersion = 17.8.34525.116
MinimumVisualStudioVersion = 10.0.40219.1
Project("{FAE04EC0-301F-11D3-BF4B-00C04F79EFBC}") = "WorkSpace", "WorkSpace\WorkSpace.csproj", "{CDC99928-660A-4205-8683-BD5C8F7ABBD9}"
EndProject
Project("{FAE04EC0-301F-11D3-BF4B-00C04F79EFBC}") = "Entities", "Entities\Entities.csproj", "{B913ADB0-966B-46C3-8D1A-BD2D99E56F2B}"
EndProject
Project("{FAE04EC0-301F-11D3-BF4B-00C04F79EFBC}") = "Business", "Business\Business.csproj", "{65BF788E-ED28-4F28-81B7-1DA955735038}"
EndProject
Global
	GlobalSection(SolutionConfigurationPlatforms) = preSolution
		Debug|Any CPU = Debug|Any CPU
		Release|Any CPU = Release|Any CPU
	EndGlobalSection
	GlobalSection(ProjectConfigurationPlatforms) = postSolution
		{CDC99928-660A-4205-8683-BD5C8F7ABBD9}.Debug|Any CPU.ActiveCfg = Debug|Any CPU
		{CDC99928-660A-4205-8683-BD5C8F7ABBD9}.Debug|Any CPU.Build.0 = Debug|Any CPU
		{CDC99928-660A-4205-8683-BD5C8F7ABBD9}.Release|Any CPU.ActiveCfg = Release|Any CPU
		{CDC99928-660A-4205-8683-BD5C8F7ABBD9}.Release|Any CPU.Build.0 = Release|Any CPU
		{B913ADB0-966B-46C3-8D1A-BD2D99E56F2B}.Debug|Any CPU.ActiveCfg = Debug|Any CPU
		{B913ADB0-966B-46C3-8D1A-BD2D99E56F2B}.Debug|Any CPU.Build.0 = Debug|Any CPU
		{B913ADB0-966B-46C3-8D1A-BD2D99E56F2B}.Release|Any CPU.ActiveCfg = Release|Any CPU
		{B913ADB0-966B-46C3-8D1A-BD2D99E56F2B}.Release|Any CPU.Build.0 = Release|Any CPU
		{65BF788E-ED28-4F28-81B7-1DA955735038}.Debug|Any CPU.ActiveCfg = Debug|Any CPU
		{65BF788E-ED28-4F28-81B7-1DA955735038}.Debug|Any CPU.Build.0 = Debug|Any CPU
		{65BF788E-ED28-4F28-81B7-1DA955735038}.Release|Any CPU.ActiveCfg = Release|Any CPU
		{65BF788E-ED28-4F28-81B7-1DA955735038}.Release|Any CPU.Build.0 = Release|Any CPU
	EndGlobalSection
	GlobalSection(SolutionProperties) = preSolution
		HideSolutionNode = FALSE
	EndGlobalSection
	GlobalSection(ExtensibilityGlobals) = postSolution
		SolutionGuid = {E7C2290C-A47A-44FD-84FF-7D17BF6FB3CD}
	EndGlobalSection
EndGlobal
